
Microsoft Visual Studio Solution File, Format Version 12.00
# Visual Studio Version 16
VisualStudioVersion = 16.0.28729.10
MinimumVisualStudioVersion = 10.0.40219.1
Project("{8BC9CEB8-8B4A-11D0-8D11-00A0C91BC942}") = "AnA_RythmGame", "AnA_RythmGame\AnA_RythmGame.vcxproj", "{3F459B90-2DDB-435B-9D89-3991A7066B4C}"
EndProject
Global
	GlobalSection(SolutionConfigurationPlatforms) = preSolution
		Debug|x64 = Debug|x64
		Debug|x86 = Debug|x86
		Release|x64 = Release|x64
		Release|x86 = Release|x86
	EndGlobalSection
	GlobalSection(ProjectConfigurationPlatforms) = postSolution
		{3F459B90-2DDB-435B-9D89-3991A7066B4C}.Debug|x64.ActiveCfg = Debug|x64
		{3F459B90-2DDB-435B-9D89-3991A7066B4C}.Debug|x64.Build.0 = Debug|x64
		{3F459B90-2DDB-435B-9D89-3991A7066B4C}.Debug|x86.ActiveCfg = Debug|Win32
		{3F459B90-2DDB-435B-9D89-3991A7066B4C}.Debug|x86.Build.0 = Debug|Win32
		{3F459B90-2DDB-435B-9D89-3991A7066B4C}.Release|x64.ActiveCfg = Release|x64
		{3F459B90-2DDB-435B-9D89-3991A7066B4C}.Release|x64.Build.0 = Release|x64
		{3F459B90-2DDB-435B-9D89-3991A7066B4C}.Release|x86.ActiveCfg = Release|Win32
		{3F459B90-2DDB-435B-9D89-3991A7066B4C}.Release|x86.Build.0 = Release|Win32
	EndGlobalSection
	GlobalSection(SolutionProperties) = preSolution
		HideSolutionNode = FALSE
	EndGlobalSection
	GlobalSection(ExtensibilityGlobals) = postSolution
		SolutionGuid = {B2E326AE-5A33-40F0-9721-A9FCD46E3D26}
	EndGlobalSection
EndGlobal
